// !$*UTF8*$!
{
	archiveVersion = 1;
	classes = {
	};
	objectVersion = 56;
	objects = {

/* Begin PBXBuildFile section */
		4C64AFC22B48053700AA11EE /* Options.swift in Sources */ = {isa = PBXBuildFile; fileRef = 4C64AFC12B48053700AA11EE /* Options.swift */; };
		4C64AFC42B4805FD00AA11EE /* CommandLine+Ext.swift in Sources */ = {isa = PBXBuildFile; fileRef = 4C64AFC32B4805FD00AA11EE /* CommandLine+Ext.swift */; };
		4C64AFC62B48061800AA11EE /* EscapeSequences.swift in Sources */ = {isa = PBXBuildFile; fileRef = 4C64AFC52B48061800AA11EE /* EscapeSequences.swift */; };
		4C9EC0542B2B5721008DF577 /* main.swift in Sources */ = {isa = PBXBuildFile; fileRef = 4C9EC0532B2B5721008DF577 /* main.swift */; };
		4C9EC0602B2B57FF008DF577 /* ScummCompiler in Frameworks */ = {isa = PBXBuildFile; productRef = 4C9EC05F2B2B57FF008DF577 /* ScummCompiler */; };
		4C9EC0632B2B584B008DF577 /* ScummCompiler in Frameworks */ = {isa = PBXBuildFile; productRef = 4C9EC0622B2B584B008DF577 /* ScummCompiler */; };
		4C9EC0662B2B58D9008DF577 /* ScummCompiler in Frameworks */ = {isa = PBXBuildFile; productRef = 4C9EC0652B2B58D9008DF577 /* ScummCompiler */; };
		4CA980402B48AA9F007D4416 /* CompilerError.swift in Sources */ = {isa = PBXBuildFile; fileRef = 4CA9803F2B48AA9F007D4416 /* CompilerError.swift */; };
		4CA980422B49DA33007D4416 /* CommandLineParser.swift in Sources */ = {isa = PBXBuildFile; fileRef = 4CA980412B49DA33007D4416 /* CommandLineParser.swift */; };
		4CA980442B49E47F007D4416 /* Console.swift in Sources */ = {isa = PBXBuildFile; fileRef = 4CA980432B49E47F007D4416 /* Console.swift */; };
/* End PBXBuildFile section */

/* Begin PBXCopyFilesBuildPhase section */
		4C9EC04E2B2B5721008DF577 /* CopyFiles */ = {
			isa = PBXCopyFilesBuildPhase;
			buildActionMask = 2147483647;
			dstPath = /usr/share/man/man1/;
			dstSubfolderSpec = 0;
			files = (
			);
			runOnlyForDeploymentPostprocessing = 1;
		};
/* End PBXCopyFilesBuildPhase section */

/* Begin PBXFileReference section */
		4C0441FD2D60D66800F8936D /* strings.scu */ = {isa = PBXFileReference; lastKnownFileType = text; path = strings.scu; sourceTree = "<group>"; };
		4C0441FF2D60D8F500F8936D /* print.scu */ = {isa = PBXFileReference; lastKnownFileType = text; path = print.scu; sourceTree = "<group>"; };
		4C0442012D60D99E00F8936D /* globalvars.scu */ = {isa = PBXFileReference; lastKnownFileType = text; path = globalvars.scu; sourceTree = "<group>"; };
		4C0442022D60DA2700F8936D /* localvars.scu */ = {isa = PBXFileReference; lastKnownFileType = text; path = localvars.scu; sourceTree = "<group>"; };
		4C0574B02D636F2E00BE6AAC /* scope.scu */ = {isa = PBXFileReference; lastKnownFileType = text; path = scope.scu; sourceTree = "<group>"; };
		4C1E3BD72CE11AE9006EA564 /* playground.scu */ = {isa = PBXFileReference; lastKnownFileType = text; path = playground.scu; sourceTree = "<group>"; };
		4C64AFC12B48053700AA11EE /* Options.swift */ = {isa = PBXFileReference; lastKnownFileType = sourcecode.swift; path = Options.swift; sourceTree = "<group>"; };
		4C64AFC32B4805FD00AA11EE /* CommandLine+Ext.swift */ = {isa = PBXFileReference; lastKnownFileType = sourcecode.swift; path = "CommandLine+Ext.swift"; sourceTree = "<group>"; };
		4C64AFC52B48061800AA11EE /* EscapeSequences.swift */ = {isa = PBXFileReference; lastKnownFileType = sourcecode.swift; path = EscapeSequences.swift; sourceTree = "<group>"; };
		4C6826BF2CE92557009369C8 /* Statements.md */ = {isa = PBXFileReference; lastKnownFileType = net.daringfireball.markdown; path = Statements.md; sourceTree = "<group>"; };
		4C6826C02CE97BD4009369C8 /* BNF Grammar.md */ = {isa = PBXFileReference; lastKnownFileType = net.daringfireball.markdown; path = "BNF Grammar.md"; sourceTree = "<group>"; };
		4C6826C12CE97FE2009369C8 /* Byle.md */ = {isa = PBXFileReference; lastKnownFileType = net.daringfireball.markdown; path = Byle.md; sourceTree = "<group>"; };
		4C9B23892B44480400E3BE33 /* helloworld.scu */ = {isa = PBXFileReference; lastKnownFileType = text; path = helloworld.scu; sourceTree = "<group>"; };
		4C9B238A2B44506A00E3BE33 /* tokens.scu */ = {isa = PBXFileReference; lastKnownFileType = text; path = tokens.scu; sourceTree = "<group>"; };
		4C9EC0502B2B5721008DF577 /* SCUMM */ = {isa = PBXFileReference; explicitFileType = "compiled.mach-o.executable"; includeInIndex = 0; path = SCUMM; sourceTree = BUILT_PRODUCTS_DIR; };
		4C9EC0532B2B5721008DF577 /* main.swift */ = {isa = PBXFileReference; lastKnownFileType = sourcecode.swift; path = main.swift; sourceTree = "<group>"; };
		4C9EC05C2B2B5773008DF577 /* SCUMM Manual Glossary.md */ = {isa = PBXFileReference; fileEncoding = 4; lastKnownFileType = net.daringfireball.markdown; path = "SCUMM Manual Glossary.md"; sourceTree = "<group>"; };
		4C9EC05D2B2B5773008DF577 /* Scumm Grammar.md */ = {isa = PBXFileReference; fileEncoding = 4; lastKnownFileType = net.daringfireball.markdown; path = "Scumm Grammar.md"; sourceTree = "<group>"; };
		4CA9803F2B48AA9F007D4416 /* CompilerError.swift */ = {isa = PBXFileReference; lastKnownFileType = sourcecode.swift; path = CompilerError.swift; sourceTree = "<group>"; };
		4CA980412B49DA33007D4416 /* CommandLineParser.swift */ = {isa = PBXFileReference; lastKnownFileType = sourcecode.swift; path = CommandLineParser.swift; sourceTree = "<group>"; };
		4CA980432B49E47F007D4416 /* Console.swift */ = {isa = PBXFileReference; lastKnownFileType = sourcecode.swift; path = Console.swift; sourceTree = "<group>"; };
		4CB5668D2CEC0E0300C4DE1B /* statements.scu */ = {isa = PBXFileReference; lastKnownFileType = text; path = statements.scu; sourceTree = "<group>"; };
		4CE09B582B4613FA00207CDD /* structure.scu */ = {isa = PBXFileReference; lastKnownFileType = text; path = structure.scu; sourceTree = "<group>"; };
		4CE09B592B4615CE00207CDD /* office.scu */ = {isa = PBXFileReference; lastKnownFileType = text; path = office.scu; sourceTree = "<group>"; };
		4CE09B5C2B4617A300207CDD /* office-finished.scu */ = {isa = PBXFileReference; lastKnownFileType = text; path = "office-finished.scu"; sourceTree = "<group>"; };
		4CE09B5D2B46213100207CDD /* case.scu */ = {isa = PBXFileReference; lastKnownFileType = text; path = case.scu; sourceTree = "<group>"; };
		4CE09B5F2B4621D800207CDD /* do-until.scu */ = {isa = PBXFileReference; lastKnownFileType = text; path = "do-until.scu"; sourceTree = "<group>"; };
		4CE09B602B4622CC00207CDD /* for.scu */ = {isa = PBXFileReference; lastKnownFileType = text; path = for.scu; sourceTree = "<group>"; };
		4CE09B612B46230C00207CDD /* if-else.scu */ = {isa = PBXFileReference; lastKnownFileType = text; path = "if-else.scu"; sourceTree = "<group>"; };
		4CE09B622B46237500207CDD /* jump.scu */ = {isa = PBXFileReference; lastKnownFileType = text; path = jump.scu; sourceTree = "<group>"; };
/* End PBXFileReference section */

/* Begin PBXFrameworksBuildPhase section */
		4C9EC04D2B2B5721008DF577 /* Frameworks */ = {
			isa = PBXFrameworksBuildPhase;
			buildActionMask = 2147483647;
			files = (
				4C9EC0602B2B57FF008DF577 /* ScummCompiler in Frameworks */,
				4C9EC0632B2B584B008DF577 /* ScummCompiler in Frameworks */,
				4C9EC0662B2B58D9008DF577 /* ScummCompiler in Frameworks */,
			);
			runOnlyForDeploymentPostprocessing = 0;
		};
/* End PBXFrameworksBuildPhase section */

/* Begin PBXGroup section */
		4C9EC0472B2B5721008DF577 = {
			isa = PBXGroup;
			children = (
				4C9EC05C2B2B5773008DF577 /* SCUMM Manual Glossary.md */,
				4C9EC05D2B2B5773008DF577 /* Scumm Grammar.md */,
				4C6826C02CE97BD4009369C8 /* BNF Grammar.md */,
				4C6826C12CE97FE2009369C8 /* Byle.md */,
				4C6826BF2CE92557009369C8 /* Statements.md */,
				4C9B23892B44480400E3BE33 /* helloworld.scu */,
				4C1E3BD72CE11AE9006EA564 /* playground.scu */,
				4C0441FD2D60D66800F8936D /* strings.scu */,
				4C0441FF2D60D8F500F8936D /* print.scu */,
				4C0442012D60D99E00F8936D /* globalvars.scu */,
				4C0442022D60DA2700F8936D /* localvars.scu */,
				4C0574B02D636F2E00BE6AAC /* scope.scu */,
				4CB5668D2CEC0E0300C4DE1B /* statements.scu */,
				4C9B238A2B44506A00E3BE33 /* tokens.scu */,
				4CE09B5A2B46168700207CDD /* SCUMM University */,
				4C9EC0522B2B5721008DF577 /* SCUMM */,
				4C9EC0512B2B5721008DF577 /* Products */,
			);
			sourceTree = "<group>";
		};
		4C9EC0512B2B5721008DF577 /* Products */ = {
			isa = PBXGroup;
			children = (
				4C9EC0502B2B5721008DF577 /* SCUMM */,
			);
			name = Products;
			sourceTree = "<group>";
		};
		4C9EC0522B2B5721008DF577 /* SCUMM */ = {
			isa = PBXGroup;
			children = (
				4C9EC0532B2B5721008DF577 /* main.swift */,
				4CA9803F2B48AA9F007D4416 /* CompilerError.swift */,
				4CA980412B49DA33007D4416 /* CommandLineParser.swift */,
				4C64AFC12B48053700AA11EE /* Options.swift */,
				4C64AFC32B4805FD00AA11EE /* CommandLine+Ext.swift */,
				4C64AFC52B48061800AA11EE /* EscapeSequences.swift */,
				4CA980432B49E47F007D4416 /* Console.swift */,
			);
			path = SCUMM;
			sourceTree = "<group>";
		};
		4CE09B5A2B46168700207CDD /* SCUMM University */ = {
			isa = PBXGroup;
			children = (
				4CE09B582B4613FA00207CDD /* structure.scu */,
				4CE09B592B4615CE00207CDD /* office.scu */,
				4CE09B5C2B4617A300207CDD /* office-finished.scu */,
				4CE09B5E2B4621AA00207CDD /* Flow Control */,
			);
			path = "SCUMM University";
			sourceTree = "<group>";
		};
		4CE09B5E2B4621AA00207CDD /* Flow Control */ = {
			isa = PBXGroup;
			children = (
				4CE09B5D2B46213100207CDD /* case.scu */,
				4CE09B5F2B4621D800207CDD /* do-until.scu */,
				4CE09B602B4622CC00207CDD /* for.scu */,
				4CE09B612B46230C00207CDD /* if-else.scu */,
				4CE09B622B46237500207CDD /* jump.scu */,
			);
			path = "Flow Control";
			sourceTree = "<group>";
		};
/* End PBXGroup section */

/* Begin PBXNativeTarget section */
		4C9EC04F2B2B5721008DF577 /* SCUMM */ = {
			isa = PBXNativeTarget;
			buildConfigurationList = 4C9EC0572B2B5721008DF577 /* Build configuration list for PBXNativeTarget "SCUMM" */;
			buildPhases = (
				4C9EC04C2B2B5721008DF577 /* Sources */,
				4C9EC04D2B2B5721008DF577 /* Frameworks */,
				4C9EC04E2B2B5721008DF577 /* CopyFiles */,
			);
			buildRules = (
			);
			dependencies = (
			);
			name = SCUMM;
			packageProductDependencies = (
				4C9EC05F2B2B57FF008DF577 /* ScummCompiler */,
				4C9EC0622B2B584B008DF577 /* ScummCompiler */,
				4C9EC0652B2B58D9008DF577 /* ScummCompiler */,
			);
			productName = SCUMM;
			productReference = 4C9EC0502B2B5721008DF577 /* SCUMM */;
			productType = "com.apple.product-type.tool";
		};
/* End PBXNativeTarget section */

/* Begin PBXProject section */
		4C9EC0482B2B5721008DF577 /* Project object */ = {
			isa = PBXProject;
			attributes = {
				BuildIndependentTargetsInParallel = 1;
				LastSwiftUpdateCheck = 1500;
				LastUpgradeCheck = 1500;
				TargetAttributes = {
					4C9EC04F2B2B5721008DF577 = {
						CreatedOnToolsVersion = 15.0.1;
					};
				};
			};
			buildConfigurationList = 4C9EC04B2B2B5721008DF577 /* Build configuration list for PBXProject "SCUMM" */;
			compatibilityVersion = "Xcode 14.0";
			developmentRegion = en;
			hasScannedForEncodings = 0;
			knownRegions = (
				en,
				Base,
			);
			mainGroup = 4C9EC0472B2B5721008DF577;
			packageReferences = (
			);
			productRefGroup = 4C9EC0512B2B5721008DF577 /* Products */;
			projectDirPath = "";
			projectRoot = "";
			targets = (
				4C9EC04F2B2B5721008DF577 /* SCUMM */,
			);
		};
/* End PBXProject section */

/* Begin PBXSourcesBuildPhase section */
		4C9EC04C2B2B5721008DF577 /* Sources */ = {
			isa = PBXSourcesBuildPhase;
			buildActionMask = 2147483647;
			files = (
				4C64AFC22B48053700AA11EE /* Options.swift in Sources */,
				4C64AFC62B48061800AA11EE /* EscapeSequences.swift in Sources */,
				4CA980422B49DA33007D4416 /* CommandLineParser.swift in Sources */,
				4C64AFC42B4805FD00AA11EE /* CommandLine+Ext.swift in Sources */,
				4C9EC0542B2B5721008DF577 /* main.swift in Sources */,
				4CA980402B48AA9F007D4416 /* CompilerError.swift in Sources */,
				4CA980442B49E47F007D4416 /* Console.swift in Sources */,
			);
			runOnlyForDeploymentPostprocessing = 0;
		};
/* End PBXSourcesBuildPhase section */

/* Begin XCBuildConfiguration section */
		4C9EC0552B2B5721008DF577 /* Debug */ = {
			isa = XCBuildConfiguration;
			buildSettings = {
				ALWAYS_SEARCH_USER_PATHS = NO;
				ASSETCATALOG_COMPILER_GENERATE_SWIFT_ASSET_SYMBOL_EXTENSIONS = YES;
				CLANG_ANALYZER_NONNULL = YES;
				CLANG_ANALYZER_NUMBER_OBJECT_CONVERSION = YES_AGGRESSIVE;
				CLANG_CXX_LANGUAGE_STANDARD = "gnu++20";
				CLANG_ENABLE_MODULES = YES;
				CLANG_ENABLE_OBJC_ARC = YES;
				CLANG_ENABLE_OBJC_WEAK = YES;
				CLANG_WARN_BLOCK_CAPTURE_AUTORELEASING = YES;
				CLANG_WARN_BOOL_CONVERSION = YES;
				CLANG_WARN_COMMA = YES;
				CLANG_WARN_CONSTANT_CONVERSION = YES;
				CLANG_WARN_DEPRECATED_OBJC_IMPLEMENTATIONS = YES;
				CLANG_WARN_DIRECT_OBJC_ISA_USAGE = YES_ERROR;
				CLANG_WARN_DOCUMENTATION_COMMENTS = YES;
				CLANG_WARN_EMPTY_BODY = YES;
				CLANG_WARN_ENUM_CONVERSION = YES;
				CLANG_WARN_INFINITE_RECURSION = YES;
				CLANG_WARN_INT_CONVERSION = YES;
				CLANG_WARN_NON_LITERAL_NULL_CONVERSION = YES;
				CLANG_WARN_OBJC_IMPLICIT_RETAIN_SELF = YES;
				CLANG_WARN_OBJC_LITERAL_CONVERSION = YES;
				CLANG_WARN_OBJC_ROOT_CLASS = YES_ERROR;
				CLANG_WARN_QUOTED_INCLUDE_IN_FRAMEWORK_HEADER = YES;
				CLANG_WARN_RANGE_LOOP_ANALYSIS = YES;
				CLANG_WARN_STRICT_PROTOTYPES = YES;
				CLANG_WARN_SUSPICIOUS_MOVE = YES;
				CLANG_WARN_UNGUARDED_AVAILABILITY = YES_AGGRESSIVE;
				CLANG_WARN_UNREACHABLE_CODE = YES;
				CLANG_WARN__DUPLICATE_METHOD_MATCH = YES;
				COPY_PHASE_STRIP = NO;
				DEBUG_INFORMATION_FORMAT = dwarf;
				ENABLE_STRICT_OBJC_MSGSEND = YES;
				ENABLE_TESTABILITY = YES;
				ENABLE_USER_SCRIPT_SANDBOXING = YES;
				GCC_C_LANGUAGE_STANDARD = gnu17;
				GCC_DYNAMIC_NO_PIC = NO;
				GCC_NO_COMMON_BLOCKS = YES;
				GCC_OPTIMIZATION_LEVEL = 0;
				GCC_PREPROCESSOR_DEFINITIONS = (
					"DEBUG=1",
					"$(inherited)",
				);
				GCC_WARN_64_TO_32_BIT_CONVERSION = YES;
				GCC_WARN_ABOUT_RETURN_TYPE = YES_ERROR;
				GCC_WARN_UNDECLARED_SELECTOR = YES;
				GCC_WARN_UNINITIALIZED_AUTOS = YES_AGGRESSIVE;
				GCC_WARN_UNUSED_FUNCTION = YES;
				GCC_WARN_UNUSED_VARIABLE = YES;
				LOCALIZATION_PREFERS_STRING_CATALOGS = YES;
				MACOSX_DEPLOYMENT_TARGET = 14.0;
				MTL_ENABLE_DEBUG_INFO = INCLUDE_SOURCE;
				MTL_FAST_MATH = YES;
				ONLY_ACTIVE_ARCH = YES;
				SDKROOT = macosx;
				SWIFT_ACTIVE_COMPILATION_CONDITIONS = "DEBUG $(inherited)";
				SWIFT_OPTIMIZATION_LEVEL = "-Onone";
			};
			name = Debug;
		};
		4C9EC0562B2B5721008DF577 /* Release */ = {
			isa = XCBuildConfiguration;
			buildSettings = {
				ALWAYS_SEARCH_USER_PATHS = NO;
				ASSETCATALOG_COMPILER_GENERATE_SWIFT_ASSET_SYMBOL_EXTENSIONS = YES;
				CLANG_ANALYZER_NONNULL = YES;
				CLANG_ANALYZER_NUMBER_OBJECT_CONVERSION = YES_AGGRESSIVE;
				CLANG_CXX_LANGUAGE_STANDARD = "gnu++20";
				CLANG_ENABLE_MODULES = YES;
				CLANG_ENABLE_OBJC_ARC = YES;
				CLANG_ENABLE_OBJC_WEAK = YES;
				CLANG_WARN_BLOCK_CAPTURE_AUTORELEASING = YES;
				CLANG_WARN_BOOL_CONVERSION = YES;
				CLANG_WARN_COMMA = YES;
				CLANG_WARN_CONSTANT_CONVERSION = YES;
				CLANG_WARN_DEPRECATED_OBJC_IMPLEMENTATIONS = YES;
				CLANG_WARN_DIRECT_OBJC_ISA_USAGE = YES_ERROR;
				CLANG_WARN_DOCUMENTATION_COMMENTS = YES;
				CLANG_WARN_EMPTY_BODY = YES;
				CLANG_WARN_ENUM_CONVERSION = YES;
				CLANG_WARN_INFINITE_RECURSION = YES;
				CLANG_WARN_INT_CONVERSION = YES;
				CLANG_WARN_NON_LITERAL_NULL_CONVERSION = YES;
				CLANG_WARN_OBJC_IMPLICIT_RETAIN_SELF = YES;
				CLANG_WARN_OBJC_LITERAL_CONVERSION = YES;
				CLANG_WARN_OBJC_ROOT_CLASS = YES_ERROR;
				CLANG_WARN_QUOTED_INCLUDE_IN_FRAMEWORK_HEADER = YES;
				CLANG_WARN_RANGE_LOOP_ANALYSIS = YES;
				CLANG_WARN_STRICT_PROTOTYPES = YES;
				CLANG_WARN_SUSPICIOUS_MOVE = YES;
				CLANG_WARN_UNGUARDED_AVAILABILITY = YES_AGGRESSIVE;
				CLANG_WARN_UNREACHABLE_CODE = YES;
				CLANG_WARN__DUPLICATE_METHOD_MATCH = YES;
				COPY_PHASE_STRIP = NO;
				DEBUG_INFORMATION_FORMAT = "dwarf-with-dsym";
				ENABLE_NS_ASSERTIONS = NO;
				ENABLE_STRICT_OBJC_MSGSEND = YES;
				ENABLE_USER_SCRIPT_SANDBOXING = YES;
				GCC_C_LANGUAGE_STANDARD = gnu17;
				GCC_NO_COMMON_BLOCKS = YES;
				GCC_WARN_64_TO_32_BIT_CONVERSION = YES;
				GCC_WARN_ABOUT_RETURN_TYPE = YES_ERROR;
				GCC_WARN_UNDECLARED_SELECTOR = YES;
				GCC_WARN_UNINITIALIZED_AUTOS = YES_AGGRESSIVE;
				GCC_WARN_UNUSED_FUNCTION = YES;
				GCC_WARN_UNUSED_VARIABLE = YES;
				LOCALIZATION_PREFERS_STRING_CATALOGS = YES;
				MACOSX_DEPLOYMENT_TARGET = 14.0;
				MTL_ENABLE_DEBUG_INFO = NO;
				MTL_FAST_MATH = YES;
				SDKROOT = macosx;
				SWIFT_COMPILATION_MODE = wholemodule;
			};
			name = Release;
		};
		4C9EC0582B2B5721008DF577 /* Debug */ = {
			isa = XCBuildConfiguration;
			buildSettings = {
				CODE_SIGN_STYLE = Automatic;
				DEVELOPMENT_TEAM = FNBTP68MJQ;
				ENABLE_HARDENED_RUNTIME = YES;
				"PRODUCT_BUNDLE_IDENTIFIER[sdk=macosx*]" = com.vicentinastudios.scumm;
				PRODUCT_NAME = "$(TARGET_NAME)";
				SWIFT_VERSION = 5.0;
			};
			name = Debug;
		};
		4C9EC0592B2B5721008DF577 /* Release */ = {
			isa = XCBuildConfiguration;
			buildSettings = {
				CODE_SIGN_STYLE = Automatic;
				DEVELOPMENT_TEAM = FNBTP68MJQ;
				ENABLE_HARDENED_RUNTIME = YES;
				"PRODUCT_BUNDLE_IDENTIFIER[sdk=macosx*]" = com.vicentinastudios.scumm;
				PRODUCT_NAME = "$(TARGET_NAME)";
				SWIFT_VERSION = 5.0;
			};
			name = Release;
		};
/* End XCBuildConfiguration section */

/* Begin XCConfigurationList section */
		4C9EC04B2B2B5721008DF577 /* Build configuration list for PBXProject "SCUMM" */ = {
			isa = XCConfigurationList;
			buildConfigurations = (
				4C9EC0552B2B5721008DF577 /* Debug */,
				4C9EC0562B2B5721008DF577 /* Release */,
			);
			defaultConfigurationIsVisible = 0;
			defaultConfigurationName = Release;
		};
		4C9EC0572B2B5721008DF577 /* Build configuration list for PBXNativeTarget "SCUMM" */ = {
			isa = XCConfigurationList;
			buildConfigurations = (
				4C9EC0582B2B5721008DF577 /* Debug */,
				4C9EC0592B2B5721008DF577 /* Release */,
			);
			defaultConfigurationIsVisible = 0;
			defaultConfigurationName = Release;
		};
/* End XCConfigurationList section */

/* Begin XCSwiftPackageProductDependency section */
		4C9EC05F2B2B57FF008DF577 /* ScummCompiler */ = {
			isa = XCSwiftPackageProductDependency;
			productName = ScummCompiler;
		};
		4C9EC0622B2B584B008DF577 /* ScummCompiler */ = {
			isa = XCSwiftPackageProductDependency;
			productName = ScummCompiler;
		};
		4C9EC0652B2B58D9008DF577 /* ScummCompiler */ = {
			isa = XCSwiftPackageProductDependency;
			productName = ScummCompiler;
		};
/* End XCSwiftPackageProductDependency section */
	};
	rootObject = 4C9EC0482B2B5721008DF577 /* Project object */;
}
